// !$*UTF8*$!
{
	archiveVersion = 1;
	classes = {
	};
	objectVersion = 46;
	objects = {

/* Begin PBXBuildFile section */
		CC66229D1B02584A00BACAE4 /* AppDelegate.swift in Sources */ = {isa = PBXBuildFile; fileRef = CC66229C1B02584A00BACAE4 /* AppDelegate.swift */; };
		CC66229F1B02584A00BACAE4 /* ViewController.swift in Sources */ = {isa = PBXBuildFile; fileRef = CC66229E1B02584A00BACAE4 /* ViewController.swift */; };
		CC6622A21B02584A00BACAE4 /* Main.storyboard in Resources */ = {isa = PBXBuildFile; fileRef = CC6622A01B02584A00BACAE4 /* Main.storyboard */; };
		CC6622A41B02584A00BACAE4 /* Images.xcassets in Resources */ = {isa = PBXBuildFile; fileRef = CC6622A31B02584A00BACAE4 /* Images.xcassets */; };
		CC6622A71B02584A00BACAE4 /* LaunchScreen.xib in Resources */ = {isa = PBXBuildFile; fileRef = CC6622A51B02584A00BACAE4 /* LaunchScreen.xib */; };
		CC6622B31B02584A00BACAE4 /* SwiftImageProjectTests.swift in Sources */ = {isa = PBXBuildFile; fileRef = CC6622B21B02584A00BACAE4 /* SwiftImageProjectTests.swift */; };
/* End PBXBuildFile section */

/* Begin PBXContainerItemProxy section */
		CC6622AD1B02584A00BACAE4 /* PBXContainerItemProxy */ = {
			isa = PBXContainerItemProxy;
			containerPortal = CC66228F1B02584900BACAE4 /* Project object */;
			proxyType = 1;
			remoteGlobalIDString = CC6622961B02584900BACAE4;
			remoteInfo = SwiftImageProject;
		};
/* End PBXContainerItemProxy section */

/* Begin PBXFileReference section */
		CC6622971B02584A00BACAE4 /* SwiftImageProject.app */ = {isa = PBXFileReference; explicitFileType = wrapper.application; includeInIndex = 0; path = SwiftImageProject.app; sourceTree = BUILT_PRODUCTS_DIR; };
		CC66229B1B02584A00BACAE4 /* Info.plist */ = {isa = PBXFileReference; lastKnownFileType = text.plist.xml; path = Info.plist; sourceTree = "<group>"; };
		CC66229C1B02584A00BACAE4 /* AppDelegate.swift */ = {isa = PBXFileReference; lastKnownFileType = sourcecode.swift; path = AppDelegate.swift; sourceTree = "<group>"; };
		CC66229E1B02584A00BACAE4 /* ViewController.swift */ = {isa = PBXFileReference; lastKnownFileType = sourcecode.swift; path = ViewController.swift; sourceTree = "<group>"; };
		CC6622A11B02584A00BACAE4 /* Base */ = {isa = PBXFileReference; lastKnownFileType = file.storyboard; name = Base; path = Base.lproj/Main.storyboard; sourceTree = "<group>"; };
		CC6622A31B02584A00BACAE4 /* Images.xcassets */ = {isa = PBXFileReference; lastKnownFileType = folder.assetcatalog; path = Images.xcassets; sourceTree = "<group>"; };
		CC6622A61B02584A00BACAE4 /* Base */ = {isa = PBXFileReference; lastKnownFileType = file.xib; name = Base; path = Base.lproj/LaunchScreen.xib; sourceTree = "<group>"; };
		CC6622AC1B02584A00BACAE4 /* SwiftImageProjectTests.xctest */ = {isa = PBXFileReference; explicitFileType = wrapper.cfbundle; includeInIndex = 0; path = SwiftImageProjectTests.xctest; sourceTree = BUILT_PRODUCTS_DIR; };
		CC6622B11B02584A00BACAE4 /* Info.plist */ = {isa = PBXFileReference; lastKnownFileType = text.plist.xml; path = Info.plist; sourceTree = "<group>"; };
		CC6622B21B02584A00BACAE4 /* SwiftImageProjectTests.swift */ = {isa = PBXFileReference; lastKnownFileType = sourcecode.swift; path = SwiftImageProjectTests.swift; sourceTree = "<group>"; };
/* End PBXFileReference section */

/* Begin PBXFrameworksBuildPhase section */
		CC6622941B02584900BACAE4 /* Frameworks */ = {
			isa = PBXFrameworksBuildPhase;
			buildActionMask = 2147483647;
			files = (
			);
			runOnlyForDeploymentPostprocessing = 0;
		};
		CC6622A91B02584A00BACAE4 /* Frameworks */ = {
			isa = PBXFrameworksBuildPhase;
			buildActionMask = 2147483647;
			files = (
			);
			runOnlyForDeploymentPostprocessing = 0;
		};
/* End PBXFrameworksBuildPhase section */

/* Begin PBXGroup section */
		CC66228E1B02584900BACAE4 = {
			isa = PBXGroup;
			children = (
				CC6622991B02584A00BACAE4 /* SwiftImageProject */,
				CC6622AF1B02584A00BACAE4 /* SwiftImageProjectTests */,
				CC6622981B02584A00BACAE4 /* Products */,
			);
			sourceTree = "<group>";
		};
		CC6622981B02584A00BACAE4 /* Products */ = {
			isa = PBXGroup;
			children = (
				CC6622971B02584A00BACAE4 /* SwiftImageProject.app */,
				CC6622AC1B02584A00BACAE4 /* SwiftImageProjectTests.xctest */,
			);
			name = Products;
			sourceTree = "<group>";
		};
		CC6622991B02584A00BACAE4 /* SwiftImageProject */ = {
			isa = PBXGroup;
			children = (
				CC66229C1B02584A00BACAE4 /* AppDelegate.swift */,
				CC66229E1B02584A00BACAE4 /* ViewController.swift */,
				CC6622A01B02584A00BACAE4 /* Main.storyboard */,
				CC6622A31B02584A00BACAE4 /* Images.xcassets */,
				CC6622A51B02584A00BACAE4 /* LaunchScreen.xib */,
				CC66229A1B02584A00BACAE4 /* Supporting Files */,
			);
			path = SwiftImageProject;
			sourceTree = "<group>";
		};
		CC66229A1B02584A00BACAE4 /* Supporting Files */ = {
			isa = PBXGroup;
			children = (
				CC66229B1B02584A00BACAE4 /* Info.plist */,
			);
			name = "Supporting Files";
			sourceTree = "<group>";
		};
		CC6622AF1B02584A00BACAE4 /* SwiftImageProjectTests */ = {
			isa = PBXGroup;
			children = (
				CC6622B21B02584A00BACAE4 /* SwiftImageProjectTests.swift */,
				CC6622B01B02584A00BACAE4 /* Supporting Files */,
			);
			path = SwiftImageProjectTests;
			sourceTree = "<group>";
		};
		CC6622B01B02584A00BACAE4 /* Supporting Files */ = {
			isa = PBXGroup;
			children = (
				CC6622B11B02584A00BACAE4 /* Info.plist */,
			);
			name = "Supporting Files";
			sourceTree = "<group>";
		};
/* End PBXGroup section */

/* Begin PBXNativeTarget section */
		CC6622961B02584900BACAE4 /* SwiftImageProject */ = {
			isa = PBXNativeTarget;
			buildConfigurationList = CC6622B61B02584A00BACAE4 /* Build configuration list for PBXNativeTarget "SwiftImageProject" */;
			buildPhases = (
				CC6622931B02584900BACAE4 /* Sources */,
				CC6622941B02584900BACAE4 /* Frameworks */,
				CC6622951B02584900BACAE4 /* Resources */,
			);
			buildRules = (
			);
			dependencies = (
			);
			name = SwiftImageProject;
			productName = SwiftImageProject;
			productReference = CC6622971B02584A00BACAE4 /* SwiftImageProject.app */;
			productType = "com.apple.product-type.application";
		};
		CC6622AB1B02584A00BACAE4 /* SwiftImageProjectTests */ = {
			isa = PBXNativeTarget;
			buildConfigurationList = CC6622B91B02584A00BACAE4 /* Build configuration list for PBXNativeTarget "SwiftImageProjectTests" */;
			buildPhases = (
				CC6622A81B02584A00BACAE4 /* Sources */,
				CC6622A91B02584A00BACAE4 /* Frameworks */,
				CC6622AA1B02584A00BACAE4 /* Resources */,
			);
			buildRules = (
			);
			dependencies = (
				CC6622AE1B02584A00BACAE4 /* PBXTargetDependency */,
			);
			name = SwiftImageProjectTests;
			productName = SwiftImageProjectTests;
			productReference = CC6622AC1B02584A00BACAE4 /* SwiftImageProjectTests.xctest */;
			productType = "com.apple.product-type.bundle.unit-test";
		};
/* End PBXNativeTarget section */

/* Begin PBXProject section */
		CC66228F1B02584900BACAE4 /* Project object */ = {
			isa = PBXProject;
			attributes = {
				LastUpgradeCheck = 0630;
				ORGANIZATIONNAME = "Hoa Hoang";
				TargetAttributes = {
					CC6622961B02584900BACAE4 = {
						CreatedOnToolsVersion = 6.3.1;
					};
					CC6622AB1B02584A00BACAE4 = {
						CreatedOnToolsVersion = 6.3.1;
						TestTargetID = CC6622961B02584900BACAE4;
					};
				};
			};
			buildConfigurationList = CC6622921B02584900BACAE4 /* Build configuration list for PBXProject "SwiftImageProject" */;
			compatibilityVersion = "Xcode 3.2";
			developmentRegion = English;
			hasScannedForEncodings = 0;
			knownRegions = (
				en,
				Base,
			);
			mainGroup = CC66228E1B02584900BACAE4;
			productRefGroup = CC6622981B02584A00BACAE4 /* Products */;
			projectDirPath = "";
			projectRoot = "";
			targets = (
				CC6622961B02584900BACAE4 /* SwiftImageProject */,
				CC6622AB1B02584A00BACAE4 /* SwiftImageProjectTests */,
			);
		};
/* End PBXProject section */

/* Begin PBXResourcesBuildPhase section */
		CC6622951B02584900BACAE4 /* Resources */ = {
			isa = PBXResourcesBuildPhase;
			buildActionMask = 2147483647;
			files = (
				CC6622A21B02584A00BACAE4 /* Main.storyboard in Resources */,
				CC6622A71B02584A00BACAE4 /* LaunchScreen.xib in Resources */,
				CC6622A41B02584A00BACAE4 /* Images.xcassets in Resources */,
			);
			runOnlyForDeploymentPostprocessing = 0;
		};
		CC6622AA1B02584A00BACAE4 /* Resources */ = {
			isa = PBXResourcesBuildPhase;
			buildActionMask = 2147483647;
			files = (
			);
			runOnlyForDeploymentPostprocessing = 0;
		};
/* End PBXResourcesBuildPhase section */

/* Begin PBXSourcesBuildPhase section */
		CC6622931B02584900BACAE4 /* Sources */ = {
			isa = PBXSourcesBuildPhase;
			buildActionMask = 2147483647;
			files = (
				CC66229F1B02584A00BACAE4 /* ViewController.swift in Sources */,
				CC66229D1B02584A00BACAE4 /* AppDelegate.swift in Sources */,
			);
			runOnlyForDeploymentPostprocessing = 0;
		};
		CC6622A81B02584A00BACAE4 /* Sources */ = {
			isa = PBXSourcesBuildPhase;
			buildActionMask = 2147483647;
			files = (
				CC6622B31B02584A00BACAE4 /* SwiftImageProjectTests.swift in Sources */,
			);
			runOnlyForDeploymentPostprocessing = 0;
		};
/* End PBXSourcesBuildPhase section */

/* Begin PBXTargetDependency section */
		CC6622AE1B02584A00BACAE4 /* PBXTargetDependency */ = {
			isa = PBXTargetDependency;
			target = CC6622961B02584900BACAE4 /* SwiftImageProject */;
			targetProxy = CC6622AD1B02584A00BACAE4 /* PBXContainerItemProxy */;
		};
/* End PBXTargetDependency section */

/* Begin PBXVariantGroup section */
		CC6622A01B02584A00BACAE4 /* Main.storyboard */ = {
			isa = PBXVariantGroup;
			children = (
				CC6622A11B02584A00BACAE4 /* Base */,
			);
			name = Main.storyboard;
			sourceTree = "<group>";
		};
		CC6622A51B02584A00BACAE4 /* LaunchScreen.xib */ = {
			isa = PBXVariantGroup;
			children = (
				CC6622A61B02584A00BACAE4 /* Base */,
			);
			name = LaunchScreen.xib;
			sourceTree = "<group>";
		};
/* End PBXVariantGroup section */

/* Begin XCBuildConfiguration section */
		CC6622B41B02584A00BACAE4 /* Debug */ = {
			isa = XCBuildConfiguration;
			buildSettings = {
				ALWAYS_SEARCH_USER_PATHS = NO;
				CLANG_CXX_LANGUAGE_STANDARD = "gnu++0x";
				CLANG_CXX_LIBRARY = "libc++";
				CLANG_ENABLE_MODULES = YES;
				CLANG_ENABLE_OBJC_ARC = YES;
				CLANG_WARN_BOOL_CONVERSION = YES;
				CLANG_WARN_CONSTANT_CONVERSION = YES;
				CLANG_WARN_DIRECT_OBJC_ISA_USAGE = YES_ERROR;
				CLANG_WARN_EMPTY_BODY = YES;
				CLANG_WARN_ENUM_CONVERSION = YES;
				CLANG_WARN_INT_CONVERSION = YES;
				CLANG_WARN_OBJC_ROOT_CLASS = YES_ERROR;
				CLANG_WARN_UNREACHABLE_CODE = YES;
				CLANG_WARN__DUPLICATE_METHOD_MATCH = YES;
				"CODE_SIGN_IDENTITY[sdk=iphoneos*]" = "iPhone Developer";
				COPY_PHASE_STRIP = NO;
				DEBUG_INFORMATION_FORMAT = "dwarf-with-dsym";
				ENABLE_STRICT_OBJC_MSGSEND = YES;
				GCC_C_LANGUAGE_STANDARD = gnu99;
				GCC_DYNAMIC_NO_PIC = NO;
				GCC_NO_COMMON_BLOCKS = YES;
				GCC_OPTIMIZATION_LEVEL = 0;
				GCC_PREPROCESSOR_DEFINITIONS = (
					"DEBUG=1",
					"$(inherited)",
				);
				GCC_SYMBOLS_PRIVATE_EXTERN = NO;
				GCC_WARN_64_TO_32_BIT_CONVERSION = YES;
				GCC_WARN_ABOUT_RETURN_TYPE = YES_ERROR;
				GCC_WARN_UNDECLARED_SELECTOR = YES;
				GCC_WARN_UNINITIALIZED_AUTOS = YES_AGGRESSIVE;
				GCC_WARN_UNUSED_FUNCTION = YES;
				GCC_WARN_UNUSED_VARIABLE = YES;
				IPHONEOS_DEPLOYMENT_TARGET = 8.3;
				MTL_ENABLE_DEBUG_INFO = YES;
				ONLY_ACTIVE_ARCH = YES;
				SDKROOT = iphoneos;
				SWIFT_OPTIMIZATION_LEVEL = "-Onone";
			};
			name = Debug;
		};
		CC6622B51B02584A00BACAE4 /* Release */ = {
			isa = XCBuildConfiguration;
			buildSettings = {
				ALWAYS_SEARCH_USER_PATHS = NO;
				CLANG_CXX_LANGUAGE_STANDARD = "gnu++0x";
				CLANG_CXX_LIBRARY = "libc++";
				CLANG_ENABLE_MODULES = YES;
				CLANG_ENABLE_OBJC_ARC = YES;
				CLANG_WARN_BOOL_CONVERSION = YES;
				CLANG_WARN_CONSTANT_CONVERSION = YES;
				CLANG_WARN_DIRECT_OBJC_ISA_USAGE = YES_ERROR;
				CLANG_WARN_EMPTY_BODY = YES;
				CLANG_WARN_ENUM_CONVERSION = YES;
				CLANG_WARN_INT_CONVERSION = YES;
				CLANG_WARN_OBJC_ROOT_CLASS = YES_ERROR;
				CLANG_WARN_UNREACHABLE_CODE = YES;
				CLANG_WARN__DUPLICATE_METHOD_MATCH = YES;
				"CODE_SIGN_IDENTITY[sdk=iphoneos*]" = "iPhone Developer";
				COPY_PHASE_STRIP = NO;
				DEBUG_INFORMATION_FORMAT = "dwarf-with-dsym";
				ENABLE_NS_ASSERTIONS = NO;
				ENABLE_STRICT_OBJC_MSGSEND = YES;
				GCC_C_LANGUAGE_STANDARD = gnu99;
				GCC_NO_COMMON_BLOCKS = YES;
				GCC_WARN_64_TO_32_BIT_CONVERSION = YES;
				GCC_WARN_ABOUT_RETURN_TYPE = YES_ERROR;
				GCC_WARN_UNDECLARED_SELECTOR = YES;
				GCC_WARN_UNINITIALIZED_AUTOS = YES_AGGRESSIVE;
				GCC_WARN_UNUSED_FUNCTION = YES;
				GCC_WARN_UNUSED_VARIABLE = YES;
				IPHONEOS_DEPLOYMENT_TARGET = 8.3;
				MTL_ENABLE_DEBUG_INFO = NO;
				SDKROOT = iphoneos;
				VALIDATE_PRODUCT = YES;
			};
			name = Release;
		};
		CC6622B71B02584A00BACAE4 /* Debug */ = {
			isa = XCBuildConfiguration;
			buildSettings = {
				ASSETCATALOG_COMPILER_APPICON_NAME = AppIcon;
				INFOPLIST_FILE = SwiftImageProject/Info.plist;
				LD_RUNPATH_SEARCH_PATHS = "$(inherited) @executable_path/Frameworks";
				PRODUCT_NAME = "$(TARGET_NAME)";
			};
			name = Debug;
		};
		CC6622B81B02584A00BACAE4 /* Release */ = {
			isa = XCBuildConfiguration;
			buildSettings = {
				ASSETCATALOG_COMPILER_APPICON_NAME = AppIcon;
				INFOPLIST_FILE = SwiftImageProject/Info.plist;
				LD_RUNPATH_SEARCH_PATHS = "$(inherited) @executable_path/Frameworks";
				PRODUCT_NAME = "$(TARGET_NAME)";
			};
			name = Release;
		};
		CC6622BA1B02584A00BACAE4 /* Debug */ = {
			isa = XCBuildConfiguration;
			buildSettings = {
				BUNDLE_LOADER = "$(TEST_HOST)";
				FRAMEWORK_SEARCH_PATHS = (
					"$(SDKROOT)/Developer/Library/Frameworks",
					"$(inherited)",
				);
				GCC_PREPROCESSOR_DEFINITIONS = (
					"DEBUG=1",
					"$(inherited)",
				);
				INFOPLIST_FILE = SwiftImageProjectTests/Info.plist;
				LD_RUNPATH_SEARCH_PATHS = "$(inherited) @executable_path/Frameworks @loader_path/Frameworks";
				PRODUCT_NAME = "$(TARGET_NAME)";
				TEST_HOST = "$(BUILT_PRODUCTS_DIR)/SwiftImageProject.app/SwiftImageProject";
			};
			name = Debug;
		};
		CC6622BB1B02584A00BACAE4 /* Release */ = {
			isa = XCBuildConfiguration;
			buildSettings = {
				BUNDLE_LOADER = "$(TEST_HOST)";
				FRAMEWORK_SEARCH_PATHS = (
					"$(SDKROOT)/Developer/Library/Frameworks",
					"$(inherited)",
				);
				INFOPLIST_FILE = SwiftImageProjectTests/Info.plist;
				LD_RUNPATH_SEARCH_PATHS = "$(inherited) @executable_path/Frameworks @loader_path/Frameworks";
				PRODUCT_NAME = "$(TARGET_NAME)";
				TEST_HOST = "$(BUILT_PRODUCTS_DIR)/SwiftImageProject.app/SwiftImageProject";
			};
			name = Release;
		};
/* End XCBuildConfiguration section */

/* Begin XCConfigurationList section */
		CC6622921B02584900BACAE4 /* Build configuration list for PBXProject "SwiftImageProject" */ = {
			isa = XCConfigurationList;
			buildConfigurations = (
				CC6622B41B02584A00BACAE4 /* Debug */,
				CC6622B51B02584A00BACAE4 /* Release */,
			);
			defaultConfigurationIsVisible = 0;
			defaultConfigurationName = Release;
		};
		CC6622B61B02584A00BACAE4 /* Build configuration list for PBXNativeTarget "SwiftImageProject" */ = {
			isa = XCConfigurationList;
			buildConfigurations = (
				CC6622B71B02584A00BACAE4 /* Debug */,
				CC6622B81B02584A00BACAE4 /* Release */,
			);
			defaultConfigurationIsVisible = 0;
		};
		CC6622B91B02584A00BACAE4 /* Build configuration list for PBXNativeTarget "SwiftImageProjectTests" */ = {
			isa = XCConfigurationList;
			buildConfigurations = (
				CC6622BA1B02584A00BACAE4 /* Debug */,
				CC6622BB1B02584A00BACAE4 /* Release */,
			);
			defaultConfigurationIsVisible = 0;
		};
/* End XCConfigurationList section */
	};
	rootObject = CC66228F1B02584900BACAE4 /* Project object */;
}
